
Microsoft Visual Studio Solution File, Format Version 12.00
# Visual Studio Version 17
VisualStudioVersion = 17.2.32616.157
MinimumVisualStudioVersion = 10.0.40219.1
Project("{FAE04EC0-301F-11D3-BF4B-00C04F79EFBC}") = "Clase3(Zalazar Micaela)", "Clase3(Zalazar Micaela)\Clase3(Zalazar Micaela).csproj", "{D3D14402-0A8C-4DD8-BDBB-762CDF7593F1}"
EndProject
Global
	GlobalSection(SolutionConfigurationPlatforms) = preSolution
		Debug|Any CPU = Debug|Any CPU
		Release|Any CPU = Release|Any CPU
	EndGlobalSection
	GlobalSection(ProjectConfigurationPlatforms) = postSolution
		{D3D14402-0A8C-4DD8-BDBB-762CDF7593F1}.Debug|Any CPU.ActiveCfg = Debug|Any CPU
		{D3D14402-0A8C-4DD8-BDBB-762CDF7593F1}.Debug|Any CPU.Build.0 = Debug|Any CPU
		{D3D14402-0A8C-4DD8-BDBB-762CDF7593F1}.Release|Any CPU.ActiveCfg = Release|Any CPU
		{D3D14402-0A8C-4DD8-BDBB-762CDF7593F1}.Release|Any CPU.Build.0 = Release|Any CPU
	EndGlobalSection
	GlobalSection(SolutionProperties) = preSolution
		HideSolutionNode = FALSE
	EndGlobalSection
	GlobalSection(ExtensibilityGlobals) = postSolution
		SolutionGuid = {E2B1595A-281C-4942-A68F-94BEB5AED49D}
	EndGlobalSection
EndGlobal
